// !$*UTF8*$!
{
	archiveVersion = 1;
	classes = {
	};
	objectVersion = 48;
	objects = {

/* Begin PBXBuildFile section */
		20D514D82162C0D200528E6C /* AppDelegate.m in Sources */ = {isa = PBXBuildFile; fileRef = 20D514D72162C0D200528E6C /* AppDelegate.m */; };
		20D514DA2162C0DB00528E6C /* Assets.xcassets in Resources */ = {isa = PBXBuildFile; fileRef = 20D514D92162C0DB00528E6C /* Assets.xcassets */; };
		20D514DD2162C0DB00528E6C /* MainMenu.xib in Resources */ = {isa = PBXBuildFile; fileRef = 20D514DB2162C0DB00528E6C /* MainMenu.xib */; };
		20D514E02162C0DB00528E6C /* main.m in Sources */ = {isa = PBXBuildFile; fileRef = 20D514DF2162C0DB00528E6C /* main.m */; };
		20D514EB2162C0DC00528E6C /* EcuationDrawerTests.m in Sources */ = {isa = PBXBuildFile; fileRef = 20D514EA2162C0DC00528E6C /* EcuationDrawerTests.m */; };
		20D514F62162C0DC00528E6C /* EcuationDrawerUITests.m in Sources */ = {isa = PBXBuildFile; fileRef = 20D514F52162C0DC00528E6C /* EcuationDrawerUITests.m */; };
		20D515412163861900528E6C /* Chart.m in Sources */ = {isa = PBXBuildFile; fileRef = 20D515402163861900528E6C /* Chart.m */; };
		20D51544216FD0B800528E6C /* Equation.m in Sources */ = {isa = PBXBuildFile; fileRef = 20D51543216FD0B800528E6C /* Equation.m */; };
		20D5154A21985EA800528E6C /* Stack.m in Sources */ = {isa = PBXBuildFile; fileRef = 20D5154921985EA800528E6C /* Stack.m */; };
		20D5154D219861ED00528E6C /* BalancedParentheses.m in Sources */ = {isa = PBXBuildFile; fileRef = 20D5154C219861ED00528E6C /* BalancedParentheses.m */; };
		7DE2BCFB2187146400CFFE6C /* Operation.m in Sources */ = {isa = PBXBuildFile; fileRef = 7DE2BCFA2187146400CFFE6C /* Operation.m */; };
		7DE2BCFE2187147400CFFE6C /* EquationParser.m in Sources */ = {isa = PBXBuildFile; fileRef = 7DE2BCFD2187147400CFFE6C /* EquationParser.m */; };
		7DE2BD012187148C00CFFE6C /* EquationSolver.m in Sources */ = {isa = PBXBuildFile; fileRef = 7DE2BD002187148C00CFFE6C /* EquationSolver.m */; };
		FBE35E7C2180BC3400E76095 /* EquationData.m in Sources */ = {isa = PBXBuildFile; fileRef = FBE35E7B2180BC3400E76095 /* EquationData.m */; };
		FBFC5899217F6A9E005539E0 /* GraphicsController.m in Sources */ = {isa = PBXBuildFile; fileRef = FBFC5898217F6A9E005539E0 /* GraphicsController.m */; };
		FBFC589F217F6BD6005539E0 /* PreferencesWindow.m in Sources */ = {isa = PBXBuildFile; fileRef = FBFC589D217F6BD6005539E0 /* PreferencesWindow.m */; };
		FBFC58A0217F6BD6005539E0 /* PreferencesWindow.xib in Resources */ = {isa = PBXBuildFile; fileRef = FBFC589E217F6BD6005539E0 /* PreferencesWindow.xib */; };
		FBFC58A3217F6EEF005539E0 /* Model.m in Sources */ = {isa = PBXBuildFile; fileRef = FBFC58A2217F6EEF005539E0 /* Model.m */; };
/* End PBXBuildFile section */

/* Begin PBXContainerItemProxy section */
		20D514E72162C0DC00528E6C /* PBXContainerItemProxy */ = {
			isa = PBXContainerItemProxy;
			containerPortal = 20D514CB2162C0D100528E6C /* Project object */;
			proxyType = 1;
			remoteGlobalIDString = 20D514D22162C0D200528E6C;
			remoteInfo = EcuationDrawer;
		};
		20D514F22162C0DC00528E6C /* PBXContainerItemProxy */ = {
			isa = PBXContainerItemProxy;
			containerPortal = 20D514CB2162C0D100528E6C /* Project object */;
			proxyType = 1;
			remoteGlobalIDString = 20D514D22162C0D200528E6C;
			remoteInfo = EcuationDrawer;
		};
/* End PBXContainerItemProxy section */

/* Begin PBXFileReference section */
		20D514D32162C0D200528E6C /* EquationDrawer.app */ = {isa = PBXFileReference; explicitFileType = wrapper.application; includeInIndex = 0; path = EquationDrawer.app; sourceTree = BUILT_PRODUCTS_DIR; };
		20D514D62162C0D200528E6C /* AppDelegate.h */ = {isa = PBXFileReference; lastKnownFileType = sourcecode.c.h; path = AppDelegate.h; sourceTree = "<group>"; };
		20D514D72162C0D200528E6C /* AppDelegate.m */ = {isa = PBXFileReference; lastKnownFileType = sourcecode.c.objc; path = AppDelegate.m; sourceTree = "<group>"; };
		20D514D92162C0DB00528E6C /* Assets.xcassets */ = {isa = PBXFileReference; lastKnownFileType = folder.assetcatalog; path = Assets.xcassets; sourceTree = "<group>"; };
		20D514DC2162C0DB00528E6C /* Base */ = {isa = PBXFileReference; lastKnownFileType = file.xib; name = Base; path = Base.lproj/MainMenu.xib; sourceTree = "<group>"; };
		20D514DE2162C0DB00528E6C /* Info.plist */ = {isa = PBXFileReference; lastKnownFileType = text.plist.xml; path = Info.plist; sourceTree = "<group>"; };
		20D514DF2162C0DB00528E6C /* main.m */ = {isa = PBXFileReference; lastKnownFileType = sourcecode.c.objc; path = main.m; sourceTree = "<group>"; };
		20D514E12162C0DB00528E6C /* EcuationDrawer.entitlements */ = {isa = PBXFileReference; lastKnownFileType = text.plist.entitlements; path = EcuationDrawer.entitlements; sourceTree = "<group>"; };
		20D514E62162C0DC00528E6C /* EquationDrawerTests.xctest */ = {isa = PBXFileReference; explicitFileType = wrapper.cfbundle; includeInIndex = 0; path = EquationDrawerTests.xctest; sourceTree = BUILT_PRODUCTS_DIR; };
		20D514EA2162C0DC00528E6C /* EcuationDrawerTests.m */ = {isa = PBXFileReference; lastKnownFileType = sourcecode.c.objc; path = EcuationDrawerTests.m; sourceTree = "<group>"; };
		20D514EC2162C0DC00528E6C /* Info.plist */ = {isa = PBXFileReference; lastKnownFileType = text.plist.xml; path = Info.plist; sourceTree = "<group>"; };
		20D514F12162C0DC00528E6C /* EquationDrawerUITests.xctest */ = {isa = PBXFileReference; explicitFileType = wrapper.cfbundle; includeInIndex = 0; path = EquationDrawerUITests.xctest; sourceTree = BUILT_PRODUCTS_DIR; };
		20D514F52162C0DC00528E6C /* EcuationDrawerUITests.m */ = {isa = PBXFileReference; lastKnownFileType = sourcecode.c.objc; path = EcuationDrawerUITests.m; sourceTree = "<group>"; };
		20D514F72162C0DC00528E6C /* Info.plist */ = {isa = PBXFileReference; lastKnownFileType = text.plist.xml; path = Info.plist; sourceTree = "<group>"; };
		20D5153F2163861900528E6C /* Chart.h */ = {isa = PBXFileReference; lastKnownFileType = sourcecode.c.h; path = Chart.h; sourceTree = "<group>"; };
		20D515402163861900528E6C /* Chart.m */ = {isa = PBXFileReference; lastKnownFileType = sourcecode.c.objc; path = Chart.m; sourceTree = "<group>"; };
		20D51542216FD0B800528E6C /* Equation.h */ = {isa = PBXFileReference; lastKnownFileType = sourcecode.c.h; path = Equation.h; sourceTree = "<group>"; };
		20D51543216FD0B800528E6C /* Equation.m */ = {isa = PBXFileReference; lastKnownFileType = sourcecode.c.objc; path = Equation.m; sourceTree = "<group>"; };
		20D5154821985EA800528E6C /* Stack.h */ = {isa = PBXFileReference; lastKnownFileType = sourcecode.c.h; path = Stack.h; sourceTree = "<group>"; };
		20D5154921985EA800528E6C /* Stack.m */ = {isa = PBXFileReference; lastKnownFileType = sourcecode.c.objc; path = Stack.m; sourceTree = "<group>"; };
		20D5154B219861ED00528E6C /* BalancedParentheses.h */ = {isa = PBXFileReference; lastKnownFileType = sourcecode.c.h; path = BalancedParentheses.h; sourceTree = "<group>"; };
		20D5154C219861ED00528E6C /* BalancedParentheses.m */ = {isa = PBXFileReference; lastKnownFileType = sourcecode.c.objc; path = BalancedParentheses.m; sourceTree = "<group>"; };
		7DE2BCF92187146400CFFE6C /* Operation.h */ = {isa = PBXFileReference; lastKnownFileType = sourcecode.c.h; path = Operation.h; sourceTree = "<group>"; };
		7DE2BCFA2187146400CFFE6C /* Operation.m */ = {isa = PBXFileReference; lastKnownFileType = sourcecode.c.objc; path = Operation.m; sourceTree = "<group>"; };
		7DE2BCFC2187147400CFFE6C /* EquationParser.h */ = {isa = PBXFileReference; lastKnownFileType = sourcecode.c.h; path = EquationParser.h; sourceTree = "<group>"; };
		7DE2BCFD2187147400CFFE6C /* EquationParser.m */ = {isa = PBXFileReference; lastKnownFileType = sourcecode.c.objc; path = EquationParser.m; sourceTree = "<group>"; };
		7DE2BCFF2187148C00CFFE6C /* EquationSolver.h */ = {isa = PBXFileReference; lastKnownFileType = sourcecode.c.h; path = EquationSolver.h; sourceTree = "<group>"; };
		7DE2BD002187148C00CFFE6C /* EquationSolver.m */ = {isa = PBXFileReference; lastKnownFileType = sourcecode.c.objc; path = EquationSolver.m; sourceTree = "<group>"; };
		FBE35E7A2180BC3400E76095 /* EquationData.h */ = {isa = PBXFileReference; lastKnownFileType = sourcecode.c.h; path = EquationData.h; sourceTree = "<group>"; };
		FBE35E7B2180BC3400E76095 /* EquationData.m */ = {isa = PBXFileReference; lastKnownFileType = sourcecode.c.objc; path = EquationData.m; sourceTree = "<group>"; };
		FBFC5897217F6A9E005539E0 /* GraphicsController.h */ = {isa = PBXFileReference; lastKnownFileType = sourcecode.c.h; path = GraphicsController.h; sourceTree = "<group>"; };
		FBFC5898217F6A9E005539E0 /* GraphicsController.m */ = {isa = PBXFileReference; lastKnownFileType = sourcecode.c.objc; path = GraphicsController.m; sourceTree = "<group>"; };
		FBFC589C217F6BD6005539E0 /* PreferencesWindow.h */ = {isa = PBXFileReference; lastKnownFileType = sourcecode.c.h; path = PreferencesWindow.h; sourceTree = "<group>"; };
		FBFC589D217F6BD6005539E0 /* PreferencesWindow.m */ = {isa = PBXFileReference; lastKnownFileType = sourcecode.c.objc; path = PreferencesWindow.m; sourceTree = "<group>"; };
		FBFC589E217F6BD6005539E0 /* PreferencesWindow.xib */ = {isa = PBXFileReference; lastKnownFileType = file.xib; path = PreferencesWindow.xib; sourceTree = "<group>"; };
		FBFC58A1217F6EEF005539E0 /* Model.h */ = {isa = PBXFileReference; lastKnownFileType = sourcecode.c.h; path = Model.h; sourceTree = "<group>"; };
		FBFC58A2217F6EEF005539E0 /* Model.m */ = {isa = PBXFileReference; lastKnownFileType = sourcecode.c.objc; path = Model.m; sourceTree = "<group>"; };
/* End PBXFileReference section */

/* Begin PBXFrameworksBuildPhase section */
		20D514D02162C0D200528E6C /* Frameworks */ = {
			isa = PBXFrameworksBuildPhase;
			buildActionMask = 2147483647;
			files = (
			);
			runOnlyForDeploymentPostprocessing = 0;
		};
		20D514E32162C0DC00528E6C /* Frameworks */ = {
			isa = PBXFrameworksBuildPhase;
			buildActionMask = 2147483647;
			files = (
			);
			runOnlyForDeploymentPostprocessing = 0;
		};
		20D514EE2162C0DC00528E6C /* Frameworks */ = {
			isa = PBXFrameworksBuildPhase;
			buildActionMask = 2147483647;
			files = (
			);
			runOnlyForDeploymentPostprocessing = 0;
		};
/* End PBXFrameworksBuildPhase section */

/* Begin PBXGroup section */
		20D514CA2162C0D100528E6C = {
			isa = PBXGroup;
			children = (
				20D514D52162C0D200528E6C /* EquationDrawer */,
				20D514E92162C0DC00528E6C /* EquationDrawerTests */,
				20D514F42162C0DC00528E6C /* EquationDrawerUITests */,
				20D514D42162C0D200528E6C /* Products */,
			);
			sourceTree = "<group>";
		};
		20D514D42162C0D200528E6C /* Products */ = {
			isa = PBXGroup;
			children = (
				20D514D32162C0D200528E6C /* EquationDrawer.app */,
				20D514E62162C0DC00528E6C /* EquationDrawerTests.xctest */,
				20D514F12162C0DC00528E6C /* EquationDrawerUITests.xctest */,
			);
			name = Products;
			sourceTree = "<group>";
		};
		20D514D52162C0D200528E6C /* EquationDrawer */ = {
			isa = PBXGroup;
			children = (
				7DE2BCF82187142B00CFFE6C /* Math */,
				20D515402163861900528E6C /* Chart.m */,
				20D514D62162C0D200528E6C /* AppDelegate.h */,
				20D514D72162C0D200528E6C /* AppDelegate.m */,
				20D514D92162C0DB00528E6C /* Assets.xcassets */,
				20D514DB2162C0DB00528E6C /* MainMenu.xib */,
				20D514DE2162C0DB00528E6C /* Info.plist */,
				20D514DF2162C0DB00528E6C /* main.m */,
				20D514E12162C0DB00528E6C /* EcuationDrawer.entitlements */,
				20D5153F2163861900528E6C /* Chart.h */,
				20D51542216FD0B800528E6C /* Equation.h */,
				FBFC5897217F6A9E005539E0 /* GraphicsController.h */,
				20D51543216FD0B800528E6C /* Equation.m */,
				FBFC5898217F6A9E005539E0 /* GraphicsController.m */,
				FBFC589C217F6BD6005539E0 /* PreferencesWindow.h */,
				FBFC589D217F6BD6005539E0 /* PreferencesWindow.m */,
				FBFC58A1217F6EEF005539E0 /* Model.h */,
				FBFC589E217F6BD6005539E0 /* PreferencesWindow.xib */,
				FBFC58A2217F6EEF005539E0 /* Model.m */,
				FBE35E7A2180BC3400E76095 /* EquationData.h */,
				FBE35E7B2180BC3400E76095 /* EquationData.m */,
			);
			path = EquationDrawer;
			sourceTree = "<group>";
		};
		20D514E92162C0DC00528E6C /* EquationDrawerTests */ = {
			isa = PBXGroup;
			children = (
				20D514EA2162C0DC00528E6C /* EcuationDrawerTests.m */,
				20D514EC2162C0DC00528E6C /* Info.plist */,
			);
			path = EquationDrawerTests;
			sourceTree = "<group>";
		};
		20D514F42162C0DC00528E6C /* EquationDrawerUITests */ = {
			isa = PBXGroup;
			children = (
				20D514F52162C0DC00528E6C /* EcuationDrawerUITests.m */,
				20D514F72162C0DC00528E6C /* Info.plist */,
			);
			path = EquationDrawerUITests;
			sourceTree = "<group>";
		};
		7DE2BCF82187142B00CFFE6C /* Math */ = {
			isa = PBXGroup;
			children = (
				7DE2BCF92187146400CFFE6C /* Operation.h */,
				7DE2BCFA2187146400CFFE6C /* Operation.m */,
				7DE2BCFC2187147400CFFE6C /* EquationParser.h */,
				7DE2BCFD2187147400CFFE6C /* EquationParser.m */,
				7DE2BCFF2187148C00CFFE6C /* EquationSolver.h */,
				7DE2BD002187148C00CFFE6C /* EquationSolver.m */,
				20D5154821985EA800528E6C /* Stack.h */,
				20D5154921985EA800528E6C /* Stack.m */,
				20D5154B219861ED00528E6C /* BalancedParentheses.h */,
				20D5154C219861ED00528E6C /* BalancedParentheses.m */,
			);
			path = Math;
			sourceTree = "<group>";
		};
/* End PBXGroup section */

/* Begin PBXNativeTarget section */
		20D514D22162C0D200528E6C /* EquationDrawer */ = {
			isa = PBXNativeTarget;
			buildConfigurationList = 20D514FA2162C0DC00528E6C /* Build configuration list for PBXNativeTarget "EquationDrawer" */;
			buildPhases = (
				20D514CF2162C0D200528E6C /* Sources */,
				20D514D02162C0D200528E6C /* Frameworks */,
				20D514D12162C0D200528E6C /* Resources */,
			);
			buildRules = (
			);
			dependencies = (
			);
			name = EquationDrawer;
			productName = EcuationDrawer;
			productReference = 20D514D32162C0D200528E6C /* EquationDrawer.app */;
			productType = "com.apple.product-type.application";
		};
		20D514E52162C0DC00528E6C /* EquationDrawerTests */ = {
			isa = PBXNativeTarget;
			buildConfigurationList = 20D514FD2162C0DC00528E6C /* Build configuration list for PBXNativeTarget "EquationDrawerTests" */;
			buildPhases = (
				20D514E22162C0DC00528E6C /* Sources */,
				20D514E32162C0DC00528E6C /* Frameworks */,
				20D514E42162C0DC00528E6C /* Resources */,
			);
			buildRules = (
			);
			dependencies = (
				20D514E82162C0DC00528E6C /* PBXTargetDependency */,
			);
			name = EquationDrawerTests;
			productName = EcuationDrawerTests;
			productReference = 20D514E62162C0DC00528E6C /* EquationDrawerTests.xctest */;
			productType = "com.apple.product-type.bundle.unit-test";
		};
		20D514F02162C0DC00528E6C /* EquationDrawerUITests */ = {
			isa = PBXNativeTarget;
			buildConfigurationList = 20D515002162C0DC00528E6C /* Build configuration list for PBXNativeTarget "EquationDrawerUITests" */;
			buildPhases = (
				20D514ED2162C0DC00528E6C /* Sources */,
				20D514EE2162C0DC00528E6C /* Frameworks */,
				20D514EF2162C0DC00528E6C /* Resources */,
			);
			buildRules = (
			);
			dependencies = (
				20D514F32162C0DC00528E6C /* PBXTargetDependency */,
			);
			name = EquationDrawerUITests;
			productName = EcuationDrawerUITests;
			productReference = 20D514F12162C0DC00528E6C /* EquationDrawerUITests.xctest */;
			productType = "com.apple.product-type.bundle.ui-testing";
		};
/* End PBXNativeTarget section */

/* Begin PBXProject section */
		20D514CB2162C0D100528E6C /* Project object */ = {
			isa = PBXProject;
			attributes = {
				LastUpgradeCheck = 1010;
				ORGANIZATIONNAME = xamo;
				TargetAttributes = {
					20D514D22162C0D200528E6C = {
						CreatedOnToolsVersion = 10.1;
						ProvisioningStyle = Automatic;
					};
					20D514E52162C0DC00528E6C = {
						CreatedOnToolsVersion = 10.1;
						ProvisioningStyle = Automatic;
						TestTargetID = 20D514D22162C0D200528E6C;
					};
					20D514F02162C0DC00528E6C = {
						CreatedOnToolsVersion = 10.1;
						ProvisioningStyle = Automatic;
						TestTargetID = 20D514D22162C0D200528E6C;
					};
				};
			};
			buildConfigurationList = 20D514CE2162C0D100528E6C /* Build configuration list for PBXProject "EquationDrawer" */;
			compatibilityVersion = "Xcode 8.0";
			developmentRegion = en;
			hasScannedForEncodings = 0;
			knownRegions = (
				en,
				Base,
			);
			mainGroup = 20D514CA2162C0D100528E6C;
			productRefGroup = 20D514D42162C0D200528E6C /* Products */;
			projectDirPath = "";
			projectRoot = "";
			targets = (
				20D514D22162C0D200528E6C /* EquationDrawer */,
				20D514E52162C0DC00528E6C /* EquationDrawerTests */,
				20D514F02162C0DC00528E6C /* EquationDrawerUITests */,
			);
		};
/* End PBXProject section */

/* Begin PBXResourcesBuildPhase section */
		20D514D12162C0D200528E6C /* Resources */ = {
			isa = PBXResourcesBuildPhase;
			buildActionMask = 2147483647;
			files = (
				20D514DA2162C0DB00528E6C /* Assets.xcassets in Resources */,
				FBFC58A0217F6BD6005539E0 /* PreferencesWindow.xib in Resources */,
				20D514DD2162C0DB00528E6C /* MainMenu.xib in Resources */,
			);
			runOnlyForDeploymentPostprocessing = 0;
		};
		20D514E42162C0DC00528E6C /* Resources */ = {
			isa = PBXResourcesBuildPhase;
			buildActionMask = 2147483647;
			files = (
			);
			runOnlyForDeploymentPostprocessing = 0;
		};
		20D514EF2162C0DC00528E6C /* Resources */ = {
			isa = PBXResourcesBuildPhase;
			buildActionMask = 2147483647;
			files = (
			);
			runOnlyForDeploymentPostprocessing = 0;
		};
/* End PBXResourcesBuildPhase section */

/* Begin PBXSourcesBuildPhase section */
		20D514CF2162C0D200528E6C /* Sources */ = {
			isa = PBXSourcesBuildPhase;
			buildActionMask = 2147483647;
			files = (
				20D5154A21985EA800528E6C /* Stack.m in Sources */,
				20D515412163861900528E6C /* Chart.m in Sources */,
				20D51544216FD0B800528E6C /* Equation.m in Sources */,
				7DE2BCFE2187147400CFFE6C /* EquationParser.m in Sources */,
				FBFC589F217F6BD6005539E0 /* PreferencesWindow.m in Sources */,
				7DE2BCFB2187146400CFFE6C /* Operation.m in Sources */,
				7DE2BD012187148C00CFFE6C /* EquationSolver.m in Sources */,
				FBE35E7C2180BC3400E76095 /* EquationData.m in Sources */,
				20D514E02162C0DB00528E6C /* main.m in Sources */,
				FBFC5899217F6A9E005539E0 /* GraphicsController.m in Sources */,
				20D514D82162C0D200528E6C /* AppDelegate.m in Sources */,
				20D5154D219861ED00528E6C /* BalancedParentheses.m in Sources */,
				FBFC58A3217F6EEF005539E0 /* Model.m in Sources */,
			);
			runOnlyForDeploymentPostprocessing = 0;
		};
		20D514E22162C0DC00528E6C /* Sources */ = {
			isa = PBXSourcesBuildPhase;
			buildActionMask = 2147483647;
			files = (
				20D514EB2162C0DC00528E6C /* EcuationDrawerTests.m in Sources */,
			);
			runOnlyForDeploymentPostprocessing = 0;
		};
		20D514ED2162C0DC00528E6C /* Sources */ = {
			isa = PBXSourcesBuildPhase;
			buildActionMask = 2147483647;
			files = (
				20D514F62162C0DC00528E6C /* EcuationDrawerUITests.m in Sources */,
			);
			runOnlyForDeploymentPostprocessing = 0;
		};
/* End PBXSourcesBuildPhase section */

/* Begin PBXTargetDependency section */
		20D514E82162C0DC00528E6C /* PBXTargetDependency */ = {
			isa = PBXTargetDependency;
			target = 20D514D22162C0D200528E6C /* EquationDrawer */;
			targetProxy = 20D514E72162C0DC00528E6C /* PBXContainerItemProxy */;
		};
		20D514F32162C0DC00528E6C /* PBXTargetDependency */ = {
			isa = PBXTargetDependency;
			target = 20D514D22162C0D200528E6C /* EquationDrawer */;
			targetProxy = 20D514F22162C0DC00528E6C /* PBXContainerItemProxy */;
		};
/* End PBXTargetDependency section */

/* Begin PBXVariantGroup section */
		20D514DB2162C0DB00528E6C /* MainMenu.xib */ = {
			isa = PBXVariantGroup;
			children = (
				20D514DC2162C0DB00528E6C /* Base */,
			);
			name = MainMenu.xib;
			sourceTree = "<group>";
		};
/* End PBXVariantGroup section */

/* Begin XCBuildConfiguration section */
		20D514F82162C0DC00528E6C /* Debug */ = {
			isa = XCBuildConfiguration;
			buildSettings = {
				ALWAYS_SEARCH_USER_PATHS = NO;
				CLANG_ANALYZER_NONNULL = YES;
				CLANG_ANALYZER_NUMBER_OBJECT_CONVERSION = YES_AGGRESSIVE;
				CLANG_CXX_LANGUAGE_STANDARD = "gnu++14";
				CLANG_CXX_LIBRARY = "libc++";
				CLANG_ENABLE_MODULES = YES;
				CLANG_ENABLE_OBJC_ARC = YES;
				CLANG_ENABLE_OBJC_WEAK = YES;
				CLANG_WARN_BLOCK_CAPTURE_AUTORELEASING = YES;
				CLANG_WARN_BOOL_CONVERSION = YES;
				CLANG_WARN_COMMA = YES;
				CLANG_WARN_CONSTANT_CONVERSION = YES;
				CLANG_WARN_DEPRECATED_OBJC_IMPLEMENTATIONS = YES;
				CLANG_WARN_DIRECT_OBJC_ISA_USAGE = YES_ERROR;
				CLANG_WARN_DOCUMENTATION_COMMENTS = YES;
				CLANG_WARN_EMPTY_BODY = YES;
				CLANG_WARN_ENUM_CONVERSION = YES;
				CLANG_WARN_INFINITE_RECURSION = YES;
				CLANG_WARN_INT_CONVERSION = YES;
				CLANG_WARN_NON_LITERAL_NULL_CONVERSION = YES;
				CLANG_WARN_OBJC_IMPLICIT_RETAIN_SELF = YES;
				CLANG_WARN_OBJC_LITERAL_CONVERSION = YES;
				CLANG_WARN_OBJC_ROOT_CLASS = YES_ERROR;
				CLANG_WARN_RANGE_LOOP_ANALYSIS = YES;
				CLANG_WARN_STRICT_PROTOTYPES = YES;
				CLANG_WARN_SUSPICIOUS_MOVE = YES;
				CLANG_WARN_UNGUARDED_AVAILABILITY = YES_AGGRESSIVE;
				CLANG_WARN_UNREACHABLE_CODE = YES;
				CLANG_WARN__DUPLICATE_METHOD_MATCH = YES;
				CODE_SIGN_IDENTITY = "-";
				COPY_PHASE_STRIP = NO;
				DEBUG_INFORMATION_FORMAT = dwarf;
				ENABLE_STRICT_OBJC_MSGSEND = YES;
				ENABLE_TESTABILITY = YES;
				GCC_C_LANGUAGE_STANDARD = gnu11;
				GCC_DYNAMIC_NO_PIC = NO;
				GCC_NO_COMMON_BLOCKS = YES;
				GCC_OPTIMIZATION_LEVEL = 0;
				GCC_PREPROCESSOR_DEFINITIONS = (
					"DEBUG=1",
					"$(inherited)",
				);
				GCC_WARN_64_TO_32_BIT_CONVERSION = YES;
				GCC_WARN_ABOUT_RETURN_TYPE = YES_ERROR;
				GCC_WARN_UNDECLARED_SELECTOR = YES;
				GCC_WARN_UNINITIALIZED_AUTOS = YES_AGGRESSIVE;
				GCC_WARN_UNUSED_FUNCTION = YES;
				GCC_WARN_UNUSED_VARIABLE = YES;
				MACOSX_DEPLOYMENT_TARGET = 10.13;
				MTL_ENABLE_DEBUG_INFO = INCLUDE_SOURCE;
				MTL_FAST_MATH = YES;
				ONLY_ACTIVE_ARCH = YES;
				SDKROOT = macosx;
			};
			name = Debug;
		};
		20D514F92162C0DC00528E6C /* Release */ = {
			isa = XCBuildConfiguration;
			buildSettings = {
				ALWAYS_SEARCH_USER_PATHS = NO;
				CLANG_ANALYZER_NONNULL = YES;
				CLANG_ANALYZER_NUMBER_OBJECT_CONVERSION = YES_AGGRESSIVE;
				CLANG_CXX_LANGUAGE_STANDARD = "gnu++14";
				CLANG_CXX_LIBRARY = "libc++";
				CLANG_ENABLE_MODULES = YES;
				CLANG_ENABLE_OBJC_ARC = YES;
				CLANG_ENABLE_OBJC_WEAK = YES;
				CLANG_WARN_BLOCK_CAPTURE_AUTORELEASING = YES;
				CLANG_WARN_BOOL_CONVERSION = YES;
				CLANG_WARN_COMMA = YES;
				CLANG_WARN_CONSTANT_CONVERSION = YES;
				CLANG_WARN_DEPRECATED_OBJC_IMPLEMENTATIONS = YES;
				CLANG_WARN_DIRECT_OBJC_ISA_USAGE = YES_ERROR;
				CLANG_WARN_DOCUMENTATION_COMMENTS = YES;
				CLANG_WARN_EMPTY_BODY = YES;
				CLANG_WARN_ENUM_CONVERSION = YES;
				CLANG_WARN_INFINITE_RECURSION = YES;
				CLANG_WARN_INT_CONVERSION = YES;
				CLANG_WARN_NON_LITERAL_NULL_CONVERSION = YES;
				CLANG_WARN_OBJC_IMPLICIT_RETAIN_SELF = YES;
				CLANG_WARN_OBJC_LITERAL_CONVERSION = YES;
				CLANG_WARN_OBJC_ROOT_CLASS = YES_ERROR;
				CLANG_WARN_RANGE_LOOP_ANALYSIS = YES;
				CLANG_WARN_STRICT_PROTOTYPES = YES;
				CLANG_WARN_SUSPICIOUS_MOVE = YES;
				CLANG_WARN_UNGUARDED_AVAILABILITY = YES_AGGRESSIVE;
				CLANG_WARN_UNREACHABLE_CODE = YES;
				CLANG_WARN__DUPLICATE_METHOD_MATCH = YES;
				CODE_SIGN_IDENTITY = "-";
				COPY_PHASE_STRIP = NO;
				DEBUG_INFORMATION_FORMAT = "dwarf-with-dsym";
				ENABLE_NS_ASSERTIONS = NO;
				ENABLE_STRICT_OBJC_MSGSEND = YES;
				GCC_C_LANGUAGE_STANDARD = gnu11;
				GCC_NO_COMMON_BLOCKS = YES;
				GCC_WARN_64_TO_32_BIT_CONVERSION = YES;
				GCC_WARN_ABOUT_RETURN_TYPE = YES_ERROR;
				GCC_WARN_UNDECLARED_SELECTOR = YES;
				GCC_WARN_UNINITIALIZED_AUTOS = YES_AGGRESSIVE;
				GCC_WARN_UNUSED_FUNCTION = YES;
				GCC_WARN_UNUSED_VARIABLE = YES;
				MACOSX_DEPLOYMENT_TARGET = 10.13;
				MTL_ENABLE_DEBUG_INFO = NO;
				MTL_FAST_MATH = YES;
				SDKROOT = macosx;
			};
			name = Release;
		};
		20D514FB2162C0DC00528E6C /* Debug */ = {
			isa = XCBuildConfiguration;
			buildSettings = {
				ASSETCATALOG_COMPILER_APPICON_NAME = AppIcon;
				CODE_SIGN_ENTITLEMENTS = EcuationDrawer/EcuationDrawer.entitlements;
				CODE_SIGN_STYLE = Automatic;
				COMBINE_HIDPI_IMAGES = YES;
				INFOPLIST_FILE = "$(SRCROOT)/EquationDrawer/Info.plist";
				LD_RUNPATH_SEARCH_PATHS = "$(inherited) @executable_path/../Frameworks";
				PRODUCT_BUNDLE_IDENTIFIER = usal.es.EquationDrawer;
				PRODUCT_NAME = "$(TARGET_NAME)";
			};
			name = Debug;
		};
		20D514FC2162C0DC00528E6C /* Release */ = {
			isa = XCBuildConfiguration;
			buildSettings = {
				ASSETCATALOG_COMPILER_APPICON_NAME = AppIcon;
				CODE_SIGN_ENTITLEMENTS = EcuationDrawer/EcuationDrawer.entitlements;
				CODE_SIGN_STYLE = Automatic;
				COMBINE_HIDPI_IMAGES = YES;
				INFOPLIST_FILE = "$(SRCROOT)/EquationDrawer/Info.plist";
				LD_RUNPATH_SEARCH_PATHS = "$(inherited) @executable_path/../Frameworks";
				PRODUCT_BUNDLE_IDENTIFIER = usal.es.EquationDrawer;
				PRODUCT_NAME = "$(TARGET_NAME)";
			};
			name = Release;
		};
		20D514FE2162C0DC00528E6C /* Debug */ = {
			isa = XCBuildConfiguration;
			buildSettings = {
				BUNDLE_LOADER = "$(TEST_HOST)";
				CODE_SIGN_STYLE = Automatic;
				COMBINE_HIDPI_IMAGES = YES;
				INFOPLIST_FILE = EcuationDrawerTests/Info.plist;
				LD_RUNPATH_SEARCH_PATHS = "$(inherited) @executable_path/../Frameworks @loader_path/../Frameworks";
				PRODUCT_BUNDLE_IDENTIFIER = usal.es.EcuationDrawerTests;
				PRODUCT_NAME = "$(TARGET_NAME)";
				TEST_HOST = "$(BUILT_PRODUCTS_DIR)/EquationDrawer.app/Contents/MacOS/EquationDrawer";
			};
			name = Debug;
		};
		20D514FF2162C0DC00528E6C /* Release */ = {
			isa = XCBuildConfiguration;
			buildSettings = {
				BUNDLE_LOADER = "$(TEST_HOST)";
				CODE_SIGN_STYLE = Automatic;
				COMBINE_HIDPI_IMAGES = YES;
				INFOPLIST_FILE = EcuationDrawerTests/Info.plist;
				LD_RUNPATH_SEARCH_PATHS = "$(inherited) @executable_path/../Frameworks @loader_path/../Frameworks";
				PRODUCT_BUNDLE_IDENTIFIER = usal.es.EcuationDrawerTests;
				PRODUCT_NAME = "$(TARGET_NAME)";
				TEST_HOST = "$(BUILT_PRODUCTS_DIR)/EquationDrawer.app/Contents/MacOS/EquationDrawer";
			};
			name = Release;
		};
		20D515012162C0DC00528E6C /* Debug */ = {
			isa = XCBuildConfiguration;
			buildSettings = {
				CODE_SIGN_STYLE = Automatic;
				COMBINE_HIDPI_IMAGES = YES;
				INFOPLIST_FILE = EcuationDrawerUITests/Info.plist;
				LD_RUNPATH_SEARCH_PATHS = "$(inherited) @executable_path/../Frameworks @loader_path/../Frameworks";
				PRODUCT_BUNDLE_IDENTIFIER = usal.es.EcuationDrawerUITests;
				PRODUCT_NAME = "$(TARGET_NAME)";
				TEST_TARGET_NAME = EcuationDrawer;
			};
			name = Debug;
		};
		20D515022162C0DC00528E6C /* Release */ = {
			isa = XCBuildConfiguration;
			buildSettings = {
				CODE_SIGN_STYLE = Automatic;
				COMBINE_HIDPI_IMAGES = YES;
				INFOPLIST_FILE = EcuationDrawerUITests/Info.plist;
				LD_RUNPATH_SEARCH_PATHS = "$(inherited) @executable_path/../Frameworks @loader_path/../Frameworks";
				PRODUCT_BUNDLE_IDENTIFIER = usal.es.EcuationDrawerUITests;
				PRODUCT_NAME = "$(TARGET_NAME)";
				TEST_TARGET_NAME = EcuationDrawer;
			};
			name = Release;
		};
/* End XCBuildConfiguration section */

/* Begin XCConfigurationList section */
		20D514CE2162C0D100528E6C /* Build configuration list for PBXProject "EquationDrawer" */ = {
			isa = XCConfigurationList;
			buildConfigurations = (
				20D514F82162C0DC00528E6C /* Debug */,
				20D514F92162C0DC00528E6C /* Release */,
			);
			defaultConfigurationIsVisible = 0;
			defaultConfigurationName = Release;
		};
		20D514FA2162C0DC00528E6C /* Build configuration list for PBXNativeTarget "EquationDrawer" */ = {
			isa = XCConfigurationList;
			buildConfigurations = (
				20D514FB2162C0DC00528E6C /* Debug */,
				20D514FC2162C0DC00528E6C /* Release */,
			);
			defaultConfigurationIsVisible = 0;
			defaultConfigurationName = Release;
		};
		20D514FD2162C0DC00528E6C /* Build configuration list for PBXNativeTarget "EquationDrawerTests" */ = {
			isa = XCConfigurationList;
			buildConfigurations = (
				20D514FE2162C0DC00528E6C /* Debug */,
				20D514FF2162C0DC00528E6C /* Release */,
			);
			defaultConfigurationIsVisible = 0;
			defaultConfigurationName = Release;
		};
		20D515002162C0DC00528E6C /* Build configuration list for PBXNativeTarget "EquationDrawerUITests" */ = {
			isa = XCConfigurationList;
			buildConfigurations = (
				20D515012162C0DC00528E6C /* Debug */,
				20D515022162C0DC00528E6C /* Release */,
			);
			defaultConfigurationIsVisible = 0;
			defaultConfigurationName = Release;
		};
/* End XCConfigurationList section */
	};
	rootObject = 20D514CB2162C0D100528E6C /* Project object */;
}
